// !$*UTF8*$!
{
	archiveVersion = 1;
	classes = {
	};
	objectVersion = 50;
	objects = {

/* Begin PBXBuildFile section */
		521B62772176CEC600E71B45 /* Interface.storyboard in Resources */ = {isa = PBXBuildFile; fileRef = 521B62752176CEC600E71B45 /* Interface.storyboard */; };
		521B62792176CEC900E71B45 /* Assets.xcassets in Resources */ = {isa = PBXBuildFile; fileRef = 521B62782176CEC900E71B45 /* Assets.xcassets */; };
		521B62802176CEC900E71B45 /* LiquidSunWatch Extension.appex in Embed App Extensions */ = {isa = PBXBuildFile; fileRef = 521B627F2176CEC900E71B45 /* LiquidSunWatch Extension.appex */; settings = {ATTRIBUTES = (RemoveHeadersOnCopy, ); }; };
		521B62852176CEC900E71B45 /* lswMainViewCont.swift in Sources */ = {isa = PBXBuildFile; fileRef = 521B62842176CEC900E71B45 /* lswMainViewCont.swift */; };
		521B62872176CEC900E71B45 /* ExtensionDelegate.swift in Sources */ = {isa = PBXBuildFile; fileRef = 521B62862176CEC900E71B45 /* ExtensionDelegate.swift */; };
		521B62892176CEC900E71B45 /* Assets.xcassets in Resources */ = {isa = PBXBuildFile; fileRef = 521B62882176CEC900E71B45 /* Assets.xcassets */; };
		521B628D2176CEC900E71B45 /* LiquidSunWatch.app in Embed Watch Content */ = {isa = PBXBuildFile; fileRef = 521B62732176CEC600E71B45 /* LiquidSunWatch.app */; };
		521B62992176DEEB00E71B45 /* lswCurrentCell.swift in Sources */ = {isa = PBXBuildFile; fileRef = 521B62982176DEEB00E71B45 /* lswCurrentCell.swift */; };
		521B629B217793E600E71B45 /* lswPastCell.swift in Sources */ = {isa = PBXBuildFile; fileRef = 521B629A217793E600E71B45 /* lswPastCell.swift */; };
		5229B9302134A0F000FD4504 /* lsRESTServices.swift in Sources */ = {isa = PBXBuildFile; fileRef = 5229B92F2134A0F000FD4504 /* lsRESTServices.swift */; };
		526E6F15217E5C6900EDB68E /* lswiPhoneFetch.swift in Sources */ = {isa = PBXBuildFile; fileRef = 526E6F14217E5C6900EDB68E /* lswiPhoneFetch.swift */; };
		526E6F18217E5D8800EDB68E /* lswWeatherDelegate.swift in Sources */ = {isa = PBXBuildFile; fileRef = 526E6F17217E5D8800EDB68E /* lswWeatherDelegate.swift */; };
		526E6F1E217E7E5E00EDB68E /* watchArt.xcassets in Resources */ = {isa = PBXBuildFile; fileRef = 526E6F1B217E790100EDB68E /* watchArt.xcassets */; };
		526E6F1F217E7EA300EDB68E /* watchArt.xcassets in Resources */ = {isa = PBXBuildFile; fileRef = 526E6F1B217E790100EDB68E /* watchArt.xcassets */; };
		526E6F21217EC0FC00EDB68E /* lswNativeFetch.swift in Sources */ = {isa = PBXBuildFile; fileRef = 526E6F20217EC0FC00EDB68E /* lswNativeFetch.swift */; };
		526E6F25217FC2FA00EDB68E /* lsWatchSession.swift in Sources */ = {isa = PBXBuildFile; fileRef = 526E6F24217FC2FA00EDB68E /* lsWatchSession.swift */; };
		526E6F27217FC53400EDB68E /* lsWatchDelegate.swift in Sources */ = {isa = PBXBuildFile; fileRef = 526E6F26217FC53400EDB68E /* lsWatchDelegate.swift */; };
		526E6F2B2180CB6100EDB68E /* lsLocation.swift in Sources */ = {isa = PBXBuildFile; fileRef = 526E6F2A2180CB6100EDB68E /* lsLocation.swift */; };
		526E6F2D2180CD0000EDB68E /* lsLocationDelegate.swift in Sources */ = {isa = PBXBuildFile; fileRef = 526E6F2C2180CD0000EDB68E /* lsLocationDelegate.swift */; };
		526E6F2F2180D86600EDB68E /* lsWeather.swift in Sources */ = {isa = PBXBuildFile; fileRef = 526E6F2E2180D86600EDB68E /* lsWeather.swift */; };
		526E6F332180DBA300EDB68E /* lsRESTServicesDelegate.swift in Sources */ = {isa = PBXBuildFile; fileRef = 526E6F322180DBA300EDB68E /* lsRESTServicesDelegate.swift */; };
		526E6F3521820E4A00EDB68E /* wait_images.xcassets in Resources */ = {isa = PBXBuildFile; fileRef = 526E6F3421820E4A00EDB68E /* wait_images.xcassets */; };
		527A2A4F21835F7F00A6025F /* weatherWait.xcassets in Resources */ = {isa = PBXBuildFile; fileRef = 527A2A4E21835F7F00A6025F /* weatherWait.xcassets */; };
		527A2A5E2186715800A6025F /* lsWeatherDelegate.swift in Sources */ = {isa = PBXBuildFile; fileRef = 527A2A5D2186715700A6025F /* lsWeatherDelegate.swift */; };
		527A2A62218782EA00A6025F /* lsWeatherReport.swift in Sources */ = {isa = PBXBuildFile; fileRef = 527A2A61218782EA00A6025F /* lsWeatherReport.swift */; };
		527A2A652187871500A6025F /* lsRESTServices.swift in Sources */ = {isa = PBXBuildFile; fileRef = 527A2A642187871500A6025F /* lsRESTServices.swift */; };
		527A2A672187875C00A6025F /* lsRESTServicesDelegate.swift in Sources */ = {isa = PBXBuildFile; fileRef = 527A2A662187875C00A6025F /* lsRESTServicesDelegate.swift */; };
		527A2A6B2187902200A6025F /* lsiOSHelper.swift in Sources */ = {isa = PBXBuildFile; fileRef = 527A2A6A2187902200A6025F /* lsiOSHelper.swift */; };
		527A2A702187937800A6025F /* lsHelper.swift in Sources */ = {isa = PBXBuildFile; fileRef = 527A2A6F2187937800A6025F /* lsHelper.swift */; };
		527A2A72218793F100A6025F /* lsHelper.swift in Sources */ = {isa = PBXBuildFile; fileRef = 527A2A71218793F100A6025F /* lsHelper.swift */; };
		527A2A742187948200A6025F /* lsSearchState.swift in Sources */ = {isa = PBXBuildFile; fileRef = 527A2A732187948200A6025F /* lsSearchState.swift */; };
		527A2A762187961500A6025F /* lsModel.swift in Sources */ = {isa = PBXBuildFile; fileRef = 527A2A752187961500A6025F /* lsModel.swift */; };
		527A2A7A2187A15100A6025F /* lsLocationDelegate.swift in Sources */ = {isa = PBXBuildFile; fileRef = 527A2A792187A15100A6025F /* lsLocationDelegate.swift */; };
		528AD004212A35430094374E /* AppDelegate.swift in Sources */ = {isa = PBXBuildFile; fileRef = 528AD003212A35430094374E /* AppDelegate.swift */; };
		528AD006212A35430094374E /* Sunshine.swift in Sources */ = {isa = PBXBuildFile; fileRef = 528AD005212A35430094374E /* Sunshine.swift */; };
		528AD009212A35430094374E /* Sunshine.storyboard in Resources */ = {isa = PBXBuildFile; fileRef = 528AD007212A35430094374E /* Sunshine.storyboard */; };
		528AD00B212A35460094374E /* Assets.xcassets in Resources */ = {isa = PBXBuildFile; fileRef = 528AD00A212A35460094374E /* Assets.xcassets */; };
		528AD00E212A35460094374E /* LaunchScreen.storyboard in Resources */ = {isa = PBXBuildFile; fileRef = 528AD00C212A35460094374E /* LaunchScreen.storyboard */; };
		528AD024212A39830094374E /* lsWeatherReport.swift in Sources */ = {isa = PBXBuildFile; fileRef = 528AD023212A39830094374E /* lsWeatherReport.swift */; };
		528AD028212B6E820094374E /* lsEnums.swift in Sources */ = {isa = PBXBuildFile; fileRef = 528AD027212B6E820094374E /* lsEnums.swift */; };
		528AD02A212B83C30094374E /* lsModel.swift in Sources */ = {isa = PBXBuildFile; fileRef = 528AD029212B83C30094374E /* lsModel.swift */; };
		528AD02C212C9C690094374E /* lsTrendTable.swift in Sources */ = {isa = PBXBuildFile; fileRef = 528AD02B212C9C690094374E /* lsTrendTable.swift */; };
		52A1DB96213F0F2100B7B904 /* lsSearchResultsTable.swift in Sources */ = {isa = PBXBuildFile; fileRef = 52A1DB95213F0F2100B7B904 /* lsSearchResultsTable.swift */; };
		52A1DB98213F0F4100B7B904 /* lsSearchResultsView.swift in Sources */ = {isa = PBXBuildFile; fileRef = 52A1DB97213F0F4100B7B904 /* lsSearchResultsView.swift */; };
		52B192B3213F3B5900B03723 /* lsSearchDelegate.swift in Sources */ = {isa = PBXBuildFile; fileRef = 52B192B2213F3B5900B03723 /* lsSearchDelegate.swift */; };
		52B192B5213F662B00B03723 /* lsLocationSelectDelegate.swift in Sources */ = {isa = PBXBuildFile; fileRef = 52B192B4213F662B00B03723 /* lsLocationSelectDelegate.swift */; };
		52F29A87212E1FF1008CBD56 /* artwork.xcassets in Resources */ = {isa = PBXBuildFile; fileRef = 52F29A86212E1FF1008CBD56 /* artwork.xcassets */; };
		52F29A8B212F2C98008CBD56 /* Reachability.m in Sources */ = {isa = PBXBuildFile; fileRef = 52F29A89212F2C98008CBD56 /* Reachability.m */; };
/* End PBXBuildFile section */

/* Begin PBXContainerItemProxy section */
		521B62812176CEC900E71B45 /* PBXContainerItemProxy */ = {
			isa = PBXContainerItemProxy;
			containerPortal = 528ACFF8212A35430094374E /* Project object */;
			proxyType = 1;
			remoteGlobalIDString = 521B627E2176CEC900E71B45;
			remoteInfo = "LiquidSunWatch Extension";
		};
		521B628B2176CEC900E71B45 /* PBXContainerItemProxy */ = {
			isa = PBXContainerItemProxy;
			containerPortal = 528ACFF8212A35430094374E /* Project object */;
			proxyType = 1;
			remoteGlobalIDString = 521B62722176CEC600E71B45;
			remoteInfo = LiquidSunWatch;
		};
/* End PBXContainerItemProxy section */

/* Begin PBXCopyFilesBuildPhase section */
		521B62932176CEC900E71B45 /* Embed App Extensions */ = {
			isa = PBXCopyFilesBuildPhase;
			buildActionMask = 2147483647;
			dstPath = "";
			dstSubfolderSpec = 13;
			files = (
				521B62802176CEC900E71B45 /* LiquidSunWatch Extension.appex in Embed App Extensions */,
			);
			name = "Embed App Extensions";
			runOnlyForDeploymentPostprocessing = 0;
		};
		521B62952176CEC900E71B45 /* Embed Watch Content */ = {
			isa = PBXCopyFilesBuildPhase;
			buildActionMask = 2147483647;
			dstPath = "$(CONTENTS_FOLDER_PATH)/Watch";
			dstSubfolderSpec = 16;
			files = (
				521B628D2176CEC900E71B45 /* LiquidSunWatch.app in Embed Watch Content */,
			);
			name = "Embed Watch Content";
			runOnlyForDeploymentPostprocessing = 0;
		};
/* End PBXCopyFilesBuildPhase section */

/* Begin PBXFileReference section */
		521B62732176CEC600E71B45 /* LiquidSunWatch.app */ = {isa = PBXFileReference; explicitFileType = wrapper.application; includeInIndex = 0; path = LiquidSunWatch.app; sourceTree = BUILT_PRODUCTS_DIR; };
		521B62762176CEC600E71B45 /* Base */ = {isa = PBXFileReference; lastKnownFileType = file.storyboard; name = Base; path = Base.lproj/Interface.storyboard; sourceTree = "<group>"; };
		521B62782176CEC900E71B45 /* Assets.xcassets */ = {isa = PBXFileReference; lastKnownFileType = folder.assetcatalog; path = Assets.xcassets; sourceTree = "<group>"; };
		521B627A2176CEC900E71B45 /* Info.plist */ = {isa = PBXFileReference; lastKnownFileType = text.plist.xml; path = Info.plist; sourceTree = "<group>"; };
		521B627F2176CEC900E71B45 /* LiquidSunWatch Extension.appex */ = {isa = PBXFileReference; explicitFileType = "wrapper.app-extension"; includeInIndex = 0; path = "LiquidSunWatch Extension.appex"; sourceTree = BUILT_PRODUCTS_DIR; };
		521B62842176CEC900E71B45 /* lswMainViewCont.swift */ = {isa = PBXFileReference; lastKnownFileType = sourcecode.swift; path = lswMainViewCont.swift; sourceTree = "<group>"; };
		521B62862176CEC900E71B45 /* ExtensionDelegate.swift */ = {isa = PBXFileReference; lastKnownFileType = sourcecode.swift; path = ExtensionDelegate.swift; sourceTree = "<group>"; };
		521B62882176CEC900E71B45 /* Assets.xcassets */ = {isa = PBXFileReference; lastKnownFileType = folder.assetcatalog; path = Assets.xcassets; sourceTree = "<group>"; };
		521B628A2176CEC900E71B45 /* Info.plist */ = {isa = PBXFileReference; lastKnownFileType = text.plist.xml; path = Info.plist; sourceTree = "<group>"; };
		521B62982176DEEB00E71B45 /* lswCurrentCell.swift */ = {isa = PBXFileReference; lastKnownFileType = sourcecode.swift; path = lswCurrentCell.swift; sourceTree = "<group>"; };
		521B629A217793E600E71B45 /* lswPastCell.swift */ = {isa = PBXFileReference; lastKnownFileType = sourcecode.swift; path = lswPastCell.swift; sourceTree = "<group>"; };
		5229B92E2133735C00FD4504 /* LiquidSun.entitlements */ = {isa = PBXFileReference; lastKnownFileType = text.plist.entitlements; path = LiquidSun.entitlements; sourceTree = "<group>"; };
		5229B92F2134A0F000FD4504 /* lsRESTServices.swift */ = {isa = PBXFileReference; lastKnownFileType = sourcecode.swift; path = lsRESTServices.swift; sourceTree = "<group>"; };
		526E6F14217E5C6900EDB68E /* lswiPhoneFetch.swift */ = {isa = PBXFileReference; lastKnownFileType = sourcecode.swift; path = lswiPhoneFetch.swift; sourceTree = "<group>"; };
		526E6F17217E5D8800EDB68E /* lswWeatherDelegate.swift */ = {isa = PBXFileReference; lastKnownFileType = sourcecode.swift; path = lswWeatherDelegate.swift; sourceTree = "<group>"; };
		526E6F1B217E790100EDB68E /* watchArt.xcassets */ = {isa = PBXFileReference; lastKnownFileType = folder.assetcatalog; path = watchArt.xcassets; sourceTree = "<group>"; };
		526E6F20217EC0FC00EDB68E /* lswNativeFetch.swift */ = {isa = PBXFileReference; lastKnownFileType = sourcecode.swift; path = lswNativeFetch.swift; sourceTree = "<group>"; };
		526E6F24217FC2FA00EDB68E /* lsWatchSession.swift */ = {isa = PBXFileReference; lastKnownFileType = sourcecode.swift; path = lsWatchSession.swift; sourceTree = "<group>"; };
		526E6F26217FC53400EDB68E /* lsWatchDelegate.swift */ = {isa = PBXFileReference; lastKnownFileType = sourcecode.swift; path = lsWatchDelegate.swift; sourceTree = "<group>"; };
		526E6F2A2180CB6100EDB68E /* lsLocation.swift */ = {isa = PBXFileReference; lastKnownFileType = sourcecode.swift; path = lsLocation.swift; sourceTree = "<group>"; };
		526E6F2C2180CD0000EDB68E /* lsLocationDelegate.swift */ = {isa = PBXFileReference; lastKnownFileType = sourcecode.swift; path = lsLocationDelegate.swift; sourceTree = "<group>"; };
		526E6F2E2180D86600EDB68E /* lsWeather.swift */ = {isa = PBXFileReference; lastKnownFileType = sourcecode.swift; path = lsWeather.swift; sourceTree = "<group>"; };
		526E6F322180DBA300EDB68E /* lsRESTServicesDelegate.swift */ = {isa = PBXFileReference; lastKnownFileType = sourcecode.swift; path = lsRESTServicesDelegate.swift; sourceTree = "<group>"; };
		526E6F3421820E4A00EDB68E /* wait_images.xcassets */ = {isa = PBXFileReference; lastKnownFileType = folder.assetcatalog; path = wait_images.xcassets; sourceTree = "<group>"; };
		527A2A4E21835F7F00A6025F /* weatherWait.xcassets */ = {isa = PBXFileReference; lastKnownFileType = folder.assetcatalog; path = weatherWait.xcassets; sourceTree = "<group>"; };
		527A2A5D2186715700A6025F /* lsWeatherDelegate.swift */ = {isa = PBXFileReference; fileEncoding = 4; lastKnownFileType = sourcecode.swift; name = lsWeatherDelegate.swift; path = "LiquidSunWatch Extension/Delegates/lsWeatherDelegate.swift"; sourceTree = SOURCE_ROOT; };
		527A2A61218782EA00A6025F /* lsWeatherReport.swift */ = {isa = PBXFileReference; fileEncoding = 4; lastKnownFileType = sourcecode.swift; name = lsWeatherReport.swift; path = LiquidSun/Models/lsWeatherReport.swift; sourceTree = SOURCE_ROOT; };
		527A2A642187871500A6025F /* lsRESTServices.swift */ = {isa = PBXFileReference; fileEncoding = 4; lastKnownFileType = sourcecode.swift; name = lsRESTServices.swift; path = "LiquidSun/Functional Classes/lsRESTServices.swift"; sourceTree = SOURCE_ROOT; };
		527A2A662187875C00A6025F /* lsRESTServicesDelegate.swift */ = {isa = PBXFileReference; fileEncoding = 4; lastKnownFileType = sourcecode.swift; name = lsRESTServicesDelegate.swift; path = LiquidSun/Delegates/lsRESTServicesDelegate.swift; sourceTree = SOURCE_ROOT; };
		527A2A6A2187902200A6025F /* lsiOSHelper.swift */ = {isa = PBXFileReference; lastKnownFileType = sourcecode.swift; path = lsiOSHelper.swift; sourceTree = "<group>"; };
		527A2A6F2187937800A6025F /* lsHelper.swift */ = {isa = PBXFileReference; fileEncoding = 4; lastKnownFileType = sourcecode.swift; path = lsHelper.swift; sourceTree = "<group>"; };
		527A2A71218793F100A6025F /* lsHelper.swift */ = {isa = PBXFileReference; fileEncoding = 4; lastKnownFileType = sourcecode.swift; name = lsHelper.swift; path = LiquidSun/Helper/lsHelper.swift; sourceTree = SOURCE_ROOT; };
		527A2A732187948200A6025F /* lsSearchState.swift */ = {isa = PBXFileReference; lastKnownFileType = sourcecode.swift; path = lsSearchState.swift; sourceTree = "<group>"; };
		527A2A752187961500A6025F /* lsModel.swift */ = {isa = PBXFileReference; fileEncoding = 4; lastKnownFileType = sourcecode.swift; name = lsModel.swift; path = LiquidSun/Models/lsModel.swift; sourceTree = SOURCE_ROOT; };
		527A2A792187A15100A6025F /* lsLocationDelegate.swift */ = {isa = PBXFileReference; fileEncoding = 4; lastKnownFileType = sourcecode.swift; name = lsLocationDelegate.swift; path = LiquidSun/Delegates/lsLocationDelegate.swift; sourceTree = SOURCE_ROOT; };
		528AD000212A35430094374E /* LiquidSun.app */ = {isa = PBXFileReference; explicitFileType = wrapper.application; includeInIndex = 0; path = LiquidSun.app; sourceTree = BUILT_PRODUCTS_DIR; };
		528AD003212A35430094374E /* AppDelegate.swift */ = {isa = PBXFileReference; lastKnownFileType = sourcecode.swift; path = AppDelegate.swift; sourceTree = "<group>"; };
		528AD005212A35430094374E /* Sunshine.swift */ = {isa = PBXFileReference; lastKnownFileType = sourcecode.swift; path = Sunshine.swift; sourceTree = "<group>"; };
		528AD008212A35430094374E /* Base */ = {isa = PBXFileReference; lastKnownFileType = file.storyboard; name = Base; path = Base.lproj/Sunshine.storyboard; sourceTree = "<group>"; };
		528AD00A212A35460094374E /* Assets.xcassets */ = {isa = PBXFileReference; lastKnownFileType = folder.assetcatalog; path = Assets.xcassets; sourceTree = "<group>"; };
		528AD00D212A35460094374E /* Base */ = {isa = PBXFileReference; lastKnownFileType = file.storyboard; name = Base; path = Base.lproj/LaunchScreen.storyboard; sourceTree = "<group>"; };
		528AD00F212A35460094374E /* Info.plist */ = {isa = PBXFileReference; lastKnownFileType = text.plist.xml; path = Info.plist; sourceTree = "<group>"; };
		528AD023212A39830094374E /* lsWeatherReport.swift */ = {isa = PBXFileReference; lastKnownFileType = sourcecode.swift; path = lsWeatherReport.swift; sourceTree = "<group>"; };
		528AD027212B6E820094374E /* lsEnums.swift */ = {isa = PBXFileReference; lastKnownFileType = sourcecode.swift; path = lsEnums.swift; sourceTree = "<group>"; };
		528AD029212B83C30094374E /* lsModel.swift */ = {isa = PBXFileReference; lastKnownFileType = sourcecode.swift; path = lsModel.swift; sourceTree = "<group>"; };
		528AD02B212C9C690094374E /* lsTrendTable.swift */ = {isa = PBXFileReference; lastKnownFileType = sourcecode.swift; path = lsTrendTable.swift; sourceTree = "<group>"; };
		52A1DB95213F0F2100B7B904 /* lsSearchResultsTable.swift */ = {isa = PBXFileReference; lastKnownFileType = sourcecode.swift; path = lsSearchResultsTable.swift; sourceTree = "<group>"; };
		52A1DB97213F0F4100B7B904 /* lsSearchResultsView.swift */ = {isa = PBXFileReference; lastKnownFileType = sourcecode.swift; path = lsSearchResultsView.swift; sourceTree = "<group>"; };
		52B192B2213F3B5900B03723 /* lsSearchDelegate.swift */ = {isa = PBXFileReference; lastKnownFileType = sourcecode.swift; path = lsSearchDelegate.swift; sourceTree = "<group>"; };
		52B192B4213F662B00B03723 /* lsLocationSelectDelegate.swift */ = {isa = PBXFileReference; lastKnownFileType = sourcecode.swift; path = lsLocationSelectDelegate.swift; sourceTree = "<group>"; };
		52F29A86212E1FF1008CBD56 /* artwork.xcassets */ = {isa = PBXFileReference; lastKnownFileType = folder.assetcatalog; path = artwork.xcassets; sourceTree = "<group>"; };
		52F29A88212F2C97008CBD56 /* LiquidSun-Bridging-Header.h */ = {isa = PBXFileReference; lastKnownFileType = sourcecode.c.h; path = "LiquidSun-Bridging-Header.h"; sourceTree = "<group>"; };
		52F29A89212F2C98008CBD56 /* Reachability.m */ = {isa = PBXFileReference; fileEncoding = 4; lastKnownFileType = sourcecode.c.objc; path = Reachability.m; sourceTree = "<group>"; };
		52F29A8A212F2C98008CBD56 /* Reachability.h */ = {isa = PBXFileReference; fileEncoding = 4; lastKnownFileType = sourcecode.c.h; path = Reachability.h; sourceTree = "<group>"; };
/* End PBXFileReference section */

/* Begin PBXFrameworksBuildPhase section */
		521B627C2176CEC900E71B45 /* Frameworks */ = {
			isa = PBXFrameworksBuildPhase;
			buildActionMask = 2147483647;
			files = (
			);
			runOnlyForDeploymentPostprocessing = 0;
		};
		528ACFFD212A35430094374E /* Frameworks */ = {
			isa = PBXFrameworksBuildPhase;
			buildActionMask = 2147483647;
			files = (
			);
			runOnlyForDeploymentPostprocessing = 0;
		};
/* End PBXFrameworksBuildPhase section */

/* Begin PBXGroup section */
		521B62742176CEC600E71B45 /* LiquidSunWatch */ = {
			isa = PBXGroup;
			children = (
				521B62752176CEC600E71B45 /* Interface.storyboard */,
				521B627A2176CEC900E71B45 /* Info.plist */,
				521B62782176CEC900E71B45 /* Assets.xcassets */,
				526E6F3421820E4A00EDB68E /* wait_images.xcassets */,
				527A2A4E21835F7F00A6025F /* weatherWait.xcassets */,
				526E6F1B217E790100EDB68E /* watchArt.xcassets */,
			);
			path = LiquidSunWatch;
			sourceTree = "<group>";
		};
		521B62832176CEC900E71B45 /* LiquidSunWatch Extension */ = {
			isa = PBXGroup;
			children = (
				527A2A6E2187921B00A6025F /* Helpers */,
				526E6F16217E5D7200EDB68E /* Delegates */,
				521B62A12177E0B200E71B45 /* Controllers */,
				527A2A632187870700A6025F /* Functional Classes */,
				521B62A02177E09F00E71B45 /* Model */,
				521B62862176CEC900E71B45 /* ExtensionDelegate.swift */,
				521B62882176CEC900E71B45 /* Assets.xcassets */,
				521B628A2176CEC900E71B45 /* Info.plist */,
				526E6F14217E5C6900EDB68E /* lswiPhoneFetch.swift */,
				526E6F20217EC0FC00EDB68E /* lswNativeFetch.swift */,
			);
			path = "LiquidSunWatch Extension";
			sourceTree = "<group>";
		};
		521B62A02177E09F00E71B45 /* Model */ = {
			isa = PBXGroup;
			children = (
				527A2A752187961500A6025F /* lsModel.swift */,
				527A2A61218782EA00A6025F /* lsWeatherReport.swift */,
			);
			path = Model;
			sourceTree = "<group>";
		};
		521B62A12177E0B200E71B45 /* Controllers */ = {
			isa = PBXGroup;
			children = (
				521B62842176CEC900E71B45 /* lswMainViewCont.swift */,
				521B62982176DEEB00E71B45 /* lswCurrentCell.swift */,
				521B629A217793E600E71B45 /* lswPastCell.swift */,
			);
			path = Controllers;
			sourceTree = "<group>";
		};
		526E6F16217E5D7200EDB68E /* Delegates */ = {
			isa = PBXGroup;
			children = (
				526E6F17217E5D8800EDB68E /* lswWeatherDelegate.swift */,
				527A2A792187A15100A6025F /* lsLocationDelegate.swift */,
				527A2A662187875C00A6025F /* lsRESTServicesDelegate.swift */,
			);
			path = Delegates;
			sourceTree = "<group>";
		};
		526E6F282180CB0100EDB68E /* Functional Classes */ = {
			isa = PBXGroup;
			children = (
				5229B92F2134A0F000FD4504 /* lsRESTServices.swift */,
				526E6F24217FC2FA00EDB68E /* lsWatchSession.swift */,
				526E6F2A2180CB6100EDB68E /* lsLocation.swift */,
				526E6F2E2180D86600EDB68E /* lsWeather.swift */,
			);
			path = "Functional Classes";
			sourceTree = "<group>";
		};
		526E6F292180CB2200EDB68E /* Helper */ = {
			isa = PBXGroup;
			children = (
				52F29A8A212F2C98008CBD56 /* Reachability.h */,
				52F29A89212F2C98008CBD56 /* Reachability.m */,
				527A2A6F2187937800A6025F /* lsHelper.swift */,
				527A2A6A2187902200A6025F /* lsiOSHelper.swift */,
			);
			path = Helper;
			sourceTree = "<group>";
		};
		527A2A632187870700A6025F /* Functional Classes */ = {
			isa = PBXGroup;
			children = (
				527A2A642187871500A6025F /* lsRESTServices.swift */,
			);
			path = "Functional Classes";
			sourceTree = "<group>";
		};
		527A2A6E2187921B00A6025F /* Helpers */ = {
			isa = PBXGroup;
			children = (
				527A2A71218793F100A6025F /* lsHelper.swift */,
			);
			path = Helpers;
			sourceTree = "<group>";
		};
		528ACFF7212A35430094374E = {
			isa = PBXGroup;
			children = (
				528AD002212A35430094374E /* LiquidSun */,
				521B62742176CEC600E71B45 /* LiquidSunWatch */,
				521B62832176CEC900E71B45 /* LiquidSunWatch Extension */,
				528AD001212A35430094374E /* Products */,
			);
			sourceTree = "<group>";
		};
		528AD001212A35430094374E /* Products */ = {
			isa = PBXGroup;
			children = (
				528AD000212A35430094374E /* LiquidSun.app */,
				521B62732176CEC600E71B45 /* LiquidSunWatch.app */,
				521B627F2176CEC900E71B45 /* LiquidSunWatch Extension.appex */,
			);
			name = Products;
			sourceTree = "<group>";
		};
		528AD002212A35430094374E /* LiquidSun */ = {
			isa = PBXGroup;
			children = (
				52B192B1213F3B4200B03723 /* Delegates */,
				52A1DB94213F046A00B7B904 /* Views */,
				52A1DB93213F045A00B7B904 /* Controllers */,
				52A1DB92213F044B00B7B904 /* Models */,
				526E6F282180CB0100EDB68E /* Functional Classes */,
				526E6F292180CB2200EDB68E /* Helper */,
				528AD00A212A35460094374E /* Assets.xcassets */,
				52F29A88212F2C97008CBD56 /* LiquidSun-Bridging-Header.h */,
				52F29A86212E1FF1008CBD56 /* artwork.xcassets */,
				5229B92E2133735C00FD4504 /* LiquidSun.entitlements */,
				528AD00F212A35460094374E /* Info.plist */,
			);
			path = LiquidSun;
			sourceTree = "<group>";
		};
		52A1DB92213F044B00B7B904 /* Models */ = {
			isa = PBXGroup;
			children = (
				528AD029212B83C30094374E /* lsModel.swift */,
				527A2A732187948200A6025F /* lsSearchState.swift */,
				528AD023212A39830094374E /* lsWeatherReport.swift */,
				528AD027212B6E820094374E /* lsEnums.swift */,
			);
			path = Models;
			sourceTree = "<group>";
		};
		52A1DB93213F045A00B7B904 /* Controllers */ = {
			isa = PBXGroup;
			children = (
				528AD005212A35430094374E /* Sunshine.swift */,
				528AD02B212C9C690094374E /* lsTrendTable.swift */,
				52A1DB97213F0F4100B7B904 /* lsSearchResultsView.swift */,
				52A1DB95213F0F2100B7B904 /* lsSearchResultsTable.swift */,
			);
			path = Controllers;
			sourceTree = "<group>";
		};
		52A1DB94213F046A00B7B904 /* Views */ = {
			isa = PBXGroup;
			children = (
				528AD007212A35430094374E /* Sunshine.storyboard */,
				528AD00C212A35460094374E /* LaunchScreen.storyboard */,
			);
			path = Views;
			sourceTree = "<group>";
		};
		52B192B1213F3B4200B03723 /* Delegates */ = {
			isa = PBXGroup;
			children = (
				528AD003212A35430094374E /* AppDelegate.swift */,
				52B192B2213F3B5900B03723 /* lsSearchDelegate.swift */,
				52B192B4213F662B00B03723 /* lsLocationSelectDelegate.swift */,
				527A2A5D2186715700A6025F /* lsWeatherDelegate.swift */,
				526E6F26217FC53400EDB68E /* lsWatchDelegate.swift */,
				526E6F2C2180CD0000EDB68E /* lsLocationDelegate.swift */,
				526E6F322180DBA300EDB68E /* lsRESTServicesDelegate.swift */,
			);
			path = Delegates;
			sourceTree = "<group>";
		};
/* End PBXGroup section */

/* Begin PBXNativeTarget section */
		521B62722176CEC600E71B45 /* LiquidSunWatch */ = {
			isa = PBXNativeTarget;
			buildConfigurationList = 521B62942176CEC900E71B45 /* Build configuration list for PBXNativeTarget "LiquidSunWatch" */;
			buildPhases = (
				521B62712176CEC600E71B45 /* Resources */,
				521B62932176CEC900E71B45 /* Embed App Extensions */,
			);
			buildRules = (
			);
			dependencies = (
				521B62822176CEC900E71B45 /* PBXTargetDependency */,
			);
			name = LiquidSunWatch;
			productName = LiquidSunWatch;
			productReference = 521B62732176CEC600E71B45 /* LiquidSunWatch.app */;
			productType = "com.apple.product-type.application.watchapp2";
		};
		521B627E2176CEC900E71B45 /* LiquidSunWatch Extension */ = {
			isa = PBXNativeTarget;
			buildConfigurationList = 521B62922176CEC900E71B45 /* Build configuration list for PBXNativeTarget "LiquidSunWatch Extension" */;
			buildPhases = (
				521B627B2176CEC900E71B45 /* Sources */,
				521B627C2176CEC900E71B45 /* Frameworks */,
				521B627D2176CEC900E71B45 /* Resources */,
			);
			buildRules = (
			);
			dependencies = (
			);
			name = "LiquidSunWatch Extension";
			productName = "LiquidSunWatch Extension";
			productReference = 521B627F2176CEC900E71B45 /* LiquidSunWatch Extension.appex */;
			productType = "com.apple.product-type.watchkit2-extension";
		};
		528ACFFF212A35430094374E /* LiquidSun */ = {
			isa = PBXNativeTarget;
			buildConfigurationList = 528AD01D212A35460094374E /* Build configuration list for PBXNativeTarget "LiquidSun" */;
			buildPhases = (
				528ACFFC212A35430094374E /* Sources */,
				528ACFFD212A35430094374E /* Frameworks */,
				528ACFFE212A35430094374E /* Resources */,
				521B62952176CEC900E71B45 /* Embed Watch Content */,
			);
			buildRules = (
			);
			dependencies = (
				521B628C2176CEC900E71B45 /* PBXTargetDependency */,
			);
			name = LiquidSun;
			productName = LiquidSun;
			productReference = 528AD000212A35430094374E /* LiquidSun.app */;
			productType = "com.apple.product-type.application";
		};
/* End PBXNativeTarget section */

/* Begin PBXProject section */
		528ACFF8212A35430094374E /* Project object */ = {
			isa = PBXProject;
			attributes = {
				LastSwiftUpdateCheck = 1000;
				LastUpgradeCheck = 0940;
				ORGANIZATIONNAME = TheCarrNation;
				TargetAttributes = {
					521B62722176CEC600E71B45 = {
						CreatedOnToolsVersion = 10.0;
					};
					521B627E2176CEC900E71B45 = {
						CreatedOnToolsVersion = 10.0;
					};
					528ACFFF212A35430094374E = {
						CreatedOnToolsVersion = 9.4.1;
						LastSwiftMigration = 0940;
						SystemCapabilities = {
							com.apple.ApplePay = {
								enabled = 0;
							};
							com.apple.BackgroundModes = {
								enabled = 1;
							};
						};
					};
				};
			};
			buildConfigurationList = 528ACFFB212A35430094374E /* Build configuration list for PBXProject "LiquidSun" */;
			compatibilityVersion = "Xcode 9.3";
			developmentRegion = en;
			hasScannedForEncodings = 0;
			knownRegions = (
				en,
				Base,
			);
			mainGroup = 528ACFF7212A35430094374E;
			productRefGroup = 528AD001212A35430094374E /* Products */;
			projectDirPath = "";
			projectRoot = "";
			targets = (
				528ACFFF212A35430094374E /* LiquidSun */,
				521B62722176CEC600E71B45 /* LiquidSunWatch */,
				521B627E2176CEC900E71B45 /* LiquidSunWatch Extension */,
			);
		};
/* End PBXProject section */

/* Begin PBXResourcesBuildPhase section */
		521B62712176CEC600E71B45 /* Resources */ = {
			isa = PBXResourcesBuildPhase;
			buildActionMask = 2147483647;
			files = (
				526E6F1E217E7E5E00EDB68E /* watchArt.xcassets in Resources */,
				527A2A4F21835F7F00A6025F /* weatherWait.xcassets in Resources */,
				521B62792176CEC900E71B45 /* Assets.xcassets in Resources */,
				526E6F3521820E4A00EDB68E /* wait_images.xcassets in Resources */,
				521B62772176CEC600E71B45 /* Interface.storyboard in Resources */,
			);
			runOnlyForDeploymentPostprocessing = 0;
		};
		521B627D2176CEC900E71B45 /* Resources */ = {
			isa = PBXResourcesBuildPhase;
			buildActionMask = 2147483647;
			files = (
				526E6F1F217E7EA300EDB68E /* watchArt.xcassets in Resources */,
				521B62892176CEC900E71B45 /* Assets.xcassets in Resources */,
			);
			runOnlyForDeploymentPostprocessing = 0;
		};
		528ACFFE212A35430094374E /* Resources */ = {
			isa = PBXResourcesBuildPhase;
			buildActionMask = 2147483647;
			files = (
				528AD00E212A35460094374E /* LaunchScreen.storyboard in Resources */,
				528AD00B212A35460094374E /* Assets.xcassets in Resources */,
				52F29A87212E1FF1008CBD56 /* artwork.xcassets in Resources */,
				528AD009212A35430094374E /* Sunshine.storyboard in Resources */,
			);
			runOnlyForDeploymentPostprocessing = 0;
		};
/* End PBXResourcesBuildPhase section */

/* Begin PBXSourcesBuildPhase section */
		521B627B2176CEC900E71B45 /* Sources */ = {
			isa = PBXSourcesBuildPhase;
			buildActionMask = 2147483647;
			files = (
				526E6F18217E5D8800EDB68E /* lswWeatherDelegate.swift in Sources */,
				521B62872176CEC900E71B45 /* ExtensionDelegate.swift in Sources */,
				527A2A7A2187A15100A6025F /* lsLocationDelegate.swift in Sources */,
				521B62992176DEEB00E71B45 /* lswCurrentCell.swift in Sources */,
				526E6F21217EC0FC00EDB68E /* lswNativeFetch.swift in Sources */,
				527A2A72218793F100A6025F /* lsHelper.swift in Sources */,
				526E6F15217E5C6900EDB68E /* lswiPhoneFetch.swift in Sources */,
				521B629B217793E600E71B45 /* lswPastCell.swift in Sources */,
				521B62852176CEC900E71B45 /* lswMainViewCont.swift in Sources */,
				527A2A62218782EA00A6025F /* lsWeatherReport.swift in Sources */,
				527A2A672187875C00A6025F /* lsRESTServicesDelegate.swift in Sources */,
				527A2A762187961500A6025F /* lsModel.swift in Sources */,
				527A2A652187871500A6025F /* lsRESTServices.swift in Sources */,
			);
			runOnlyForDeploymentPostprocessing = 0;
		};
		528ACFFC212A35430094374E /* Sources */ = {
			isa = PBXSourcesBuildPhase;
			buildActionMask = 2147483647;
			files = (
				528AD028212B6E820094374E /* lsEnums.swift in Sources */,
				52A1DB98213F0F4100B7B904 /* lsSearchResultsView.swift in Sources */,
				527A2A742187948200A6025F /* lsSearchState.swift in Sources */,
				526E6F2B2180CB6100EDB68E /* lsLocation.swift in Sources */,
				526E6F27217FC53400EDB68E /* lsWatchDelegate.swift in Sources */,
				527A2A6B2187902200A6025F /* lsiOSHelper.swift in Sources */,
				526E6F2F2180D86600EDB68E /* lsWeather.swift in Sources */,
				52F29A8B212F2C98008CBD56 /* Reachability.m in Sources */,
				526E6F332180DBA300EDB68E /* lsRESTServicesDelegate.swift in Sources */,
				527A2A5E2186715800A6025F /* lsWeatherDelegate.swift in Sources */,
				52B192B5213F662B00B03723 /* lsLocationSelectDelegate.swift in Sources */,
				52B192B3213F3B5900B03723 /* lsSearchDelegate.swift in Sources */,
				528AD02A212B83C30094374E /* lsModel.swift in Sources */,
				528AD006212A35430094374E /* Sunshine.swift in Sources */,
				528AD024212A39830094374E /* lsWeatherReport.swift in Sources */,
				52A1DB96213F0F2100B7B904 /* lsSearchResultsTable.swift in Sources */,
				528AD004212A35430094374E /* AppDelegate.swift in Sources */,
				528AD02C212C9C690094374E /* lsTrendTable.swift in Sources */,
				5229B9302134A0F000FD4504 /* lsRESTServices.swift in Sources */,
				526E6F2D2180CD0000EDB68E /* lsLocationDelegate.swift in Sources */,
				527A2A702187937800A6025F /* lsHelper.swift in Sources */,
				526E6F25217FC2FA00EDB68E /* lsWatchSession.swift in Sources */,
			);
			runOnlyForDeploymentPostprocessing = 0;
		};
/* End PBXSourcesBuildPhase section */

/* Begin PBXTargetDependency section */
		521B62822176CEC900E71B45 /* PBXTargetDependency */ = {
			isa = PBXTargetDependency;
			target = 521B627E2176CEC900E71B45 /* LiquidSunWatch Extension */;
			targetProxy = 521B62812176CEC900E71B45 /* PBXContainerItemProxy */;
		};
		521B628C2176CEC900E71B45 /* PBXTargetDependency */ = {
			isa = PBXTargetDependency;
			target = 521B62722176CEC600E71B45 /* LiquidSunWatch */;
			targetProxy = 521B628B2176CEC900E71B45 /* PBXContainerItemProxy */;
		};
/* End PBXTargetDependency section */

/* Begin PBXVariantGroup section */
		521B62752176CEC600E71B45 /* Interface.storyboard */ = {
			isa = PBXVariantGroup;
			children = (
				521B62762176CEC600E71B45 /* Base */,
			);
			name = Interface.storyboard;
			sourceTree = "<group>";
		};
		528AD007212A35430094374E /* Sunshine.storyboard */ = {
			isa = PBXVariantGroup;
			children = (
				528AD008212A35430094374E /* Base */,
			);
			name = Sunshine.storyboard;
			sourceTree = "<group>";
		};
		528AD00C212A35460094374E /* LaunchScreen.storyboard */ = {
			isa = PBXVariantGroup;
			children = (
				528AD00D212A35460094374E /* Base */,
			);
			name = LaunchScreen.storyboard;
			sourceTree = "<group>";
		};
/* End PBXVariantGroup section */

/* Begin XCBuildConfiguration section */
		521B628E2176CEC900E71B45 /* Debug */ = {
			isa = XCBuildConfiguration;
			buildSettings = {
				ALWAYS_EMBED_SWIFT_STANDARD_LIBRARIES = YES;
				ASSETCATALOG_COMPILER_APPICON_NAME = AppIcon;
				CODE_SIGN_IDENTITY = "iPhone Developer";
				CODE_SIGN_STYLE = Automatic;
				DEVELOPMENT_TEAM = 46527JQ8T6;
				IBSC_MODULE = LiquidSunWatch_Extension;
				INFOPLIST_FILE = LiquidSunWatch/Info.plist;
				MTL_ENABLE_DEBUG_INFO = INCLUDE_SOURCE;
				MTL_FAST_MATH = YES;
				PRODUCT_BUNDLE_IDENTIFIER = com.thecarrnation.LiquidSun.watchkitapp;
				PRODUCT_NAME = "$(TARGET_NAME)";
				SDKROOT = watchos;
				SKIP_INSTALL = YES;
				SWIFT_VERSION = 4.2;
				TARGETED_DEVICE_FAMILY = 4;
				WATCHOS_DEPLOYMENT_TARGET = 4.0;
			};
			name = Debug;
		};
		521B628F2176CEC900E71B45 /* Release */ = {
			isa = XCBuildConfiguration;
			buildSettings = {
				ALWAYS_EMBED_SWIFT_STANDARD_LIBRARIES = YES;
				ASSETCATALOG_COMPILER_APPICON_NAME = AppIcon;
				CODE_SIGN_IDENTITY = "iPhone Developer";
				CODE_SIGN_STYLE = Automatic;
				DEVELOPMENT_TEAM = 46527JQ8T6;
				IBSC_MODULE = LiquidSunWatch_Extension;
				INFOPLIST_FILE = LiquidSunWatch/Info.plist;
				MTL_FAST_MATH = YES;
				PRODUCT_BUNDLE_IDENTIFIER = com.thecarrnation.LiquidSun.watchkitapp;
				PRODUCT_NAME = "$(TARGET_NAME)";
				SDKROOT = watchos;
				SKIP_INSTALL = YES;
				SWIFT_VERSION = 4.2;
				TARGETED_DEVICE_FAMILY = 4;
				WATCHOS_DEPLOYMENT_TARGET = 4.0;
			};
			name = Release;
		};
		521B62902176CEC900E71B45 /* Debug */ = {
			isa = XCBuildConfiguration;
			buildSettings = {
				ASSETCATALOG_COMPILER_COMPLICATION_NAME = Complication;
				CODE_SIGN_STYLE = Automatic;
				DEVELOPMENT_TEAM = 46527JQ8T6;
				INFOPLIST_FILE = "LiquidSunWatch Extension/Info.plist";
				LD_RUNPATH_SEARCH_PATHS = (
					"$(inherited)",
					"@executable_path/Frameworks",
					"@executable_path/../../Frameworks",
				);
				MTL_ENABLE_DEBUG_INFO = INCLUDE_SOURCE;
				MTL_FAST_MATH = YES;
				PRODUCT_BUNDLE_IDENTIFIER = com.thecarrnation.LiquidSun.watchkitapp.watchkitextension;
				PRODUCT_NAME = "${TARGET_NAME}";
				SDKROOT = watchos;
				SKIP_INSTALL = YES;
				SWIFT_VERSION = 4.2;
				TARGETED_DEVICE_FAMILY = 4;
				WATCHOS_DEPLOYMENT_TARGET = 4.0;
			};
			name = Debug;
		};
		521B62912176CEC900E71B45 /* Release */ = {
			isa = XCBuildConfiguration;
			buildSettings = {
				ASSETCATALOG_COMPILER_COMPLICATION_NAME = Complication;
				CODE_SIGN_STYLE = Automatic;
				DEVELOPMENT_TEAM = 46527JQ8T6;
				INFOPLIST_FILE = "LiquidSunWatch Extension/Info.plist";
				LD_RUNPATH_SEARCH_PATHS = (
					"$(inherited)",
					"@executable_path/Frameworks",
					"@executable_path/../../Frameworks",
				);
				MTL_FAST_MATH = YES;
				PRODUCT_BUNDLE_IDENTIFIER = com.thecarrnation.LiquidSun.watchkitapp.watchkitextension;
				PRODUCT_NAME = "${TARGET_NAME}";
				SDKROOT = watchos;
				SKIP_INSTALL = YES;
				SWIFT_VERSION = 4.2;
				TARGETED_DEVICE_FAMILY = 4;
				WATCHOS_DEPLOYMENT_TARGET = 4.0;
			};
			name = Release;
		};
		528AD01B212A35460094374E /* Debug */ = {
			isa = XCBuildConfiguration;
			buildSettings = {
				ALWAYS_SEARCH_USER_PATHS = NO;
				CLANG_ANALYZER_NONNULL = YES;
				CLANG_ANALYZER_NUMBER_OBJECT_CONVERSION = YES_AGGRESSIVE;
				CLANG_CXX_LANGUAGE_STANDARD = "gnu++14";
				CLANG_CXX_LIBRARY = "libc++";
				CLANG_ENABLE_MODULES = YES;
				CLANG_ENABLE_OBJC_ARC = YES;
				CLANG_ENABLE_OBJC_WEAK = YES;
				CLANG_WARN_BLOCK_CAPTURE_AUTORELEASING = YES;
				CLANG_WARN_BOOL_CONVERSION = YES;
				CLANG_WARN_COMMA = YES;
				CLANG_WARN_CONSTANT_CONVERSION = YES;
				CLANG_WARN_DEPRECATED_OBJC_IMPLEMENTATIONS = YES;
				CLANG_WARN_DIRECT_OBJC_ISA_USAGE = YES_ERROR;
				CLANG_WARN_DOCUMENTATION_COMMENTS = YES;
				CLANG_WARN_EMPTY_BODY = YES;
				CLANG_WARN_ENUM_CONVERSION = YES;
				CLANG_WARN_INFINITE_RECURSION = YES;
				CLANG_WARN_INT_CONVERSION = YES;
				CLANG_WARN_NON_LITERAL_NULL_CONVERSION = YES;
				CLANG_WARN_OBJC_IMPLICIT_RETAIN_SELF = YES;
				CLANG_WARN_OBJC_LITERAL_CONVERSION = YES;
				CLANG_WARN_OBJC_ROOT_CLASS = YES_ERROR;
				CLANG_WARN_RANGE_LOOP_ANALYSIS = YES;
				CLANG_WARN_STRICT_PROTOTYPES = YES;
				CLANG_WARN_SUSPICIOUS_MOVE = YES;
				CLANG_WARN_UNGUARDED_AVAILABILITY = YES_AGGRESSIVE;
				CLANG_WARN_UNREACHABLE_CODE = YES;
				CLANG_WARN__DUPLICATE_METHOD_MATCH = YES;
				CODE_SIGN_IDENTITY = "iPhone Developer";
				COPY_PHASE_STRIP = NO;
				DEBUG_INFORMATION_FORMAT = dwarf;
				ENABLE_STRICT_OBJC_MSGSEND = YES;
				ENABLE_TESTABILITY = YES;
				GCC_C_LANGUAGE_STANDARD = gnu11;
				GCC_DYNAMIC_NO_PIC = NO;
				GCC_NO_COMMON_BLOCKS = YES;
				GCC_OPTIMIZATION_LEVEL = 0;
				GCC_PREPROCESSOR_DEFINITIONS = (
					"DEBUG=1",
					"$(inherited)",
				);
				GCC_WARN_64_TO_32_BIT_CONVERSION = YES;
				GCC_WARN_ABOUT_RETURN_TYPE = YES_ERROR;
				GCC_WARN_UNDECLARED_SELECTOR = YES;
				GCC_WARN_UNINITIALIZED_AUTOS = YES_AGGRESSIVE;
				GCC_WARN_UNUSED_FUNCTION = YES;
				GCC_WARN_UNUSED_VARIABLE = YES;
				IPHONEOS_DEPLOYMENT_TARGET = 11.0;
				MTL_ENABLE_DEBUG_INFO = YES;
				ONLY_ACTIVE_ARCH = YES;
				SDKROOT = iphoneos;
				SWIFT_ACTIVE_COMPILATION_CONDITIONS = DEBUG;
				SWIFT_OPTIMIZATION_LEVEL = "-Onone";
			};
			name = Debug;
		};
		528AD01C212A35460094374E /* Release */ = {
			isa = XCBuildConfiguration;
			buildSettings = {
				ALWAYS_SEARCH_USER_PATHS = NO;
				CLANG_ANALYZER_NONNULL = YES;
				CLANG_ANALYZER_NUMBER_OBJECT_CONVERSION = YES_AGGRESSIVE;
				CLANG_CXX_LANGUAGE_STANDARD = "gnu++14";
				CLANG_CXX_LIBRARY = "libc++";
				CLANG_ENABLE_MODULES = YES;
				CLANG_ENABLE_OBJC_ARC = YES;
				CLANG_ENABLE_OBJC_WEAK = YES;
				CLANG_WARN_BLOCK_CAPTURE_AUTORELEASING = YES;
				CLANG_WARN_BOOL_CONVERSION = YES;
				CLANG_WARN_COMMA = YES;
				CLANG_WARN_CONSTANT_CONVERSION = YES;
				CLANG_WARN_DEPRECATED_OBJC_IMPLEMENTATIONS = YES;
				CLANG_WARN_DIRECT_OBJC_ISA_USAGE = YES_ERROR;
				CLANG_WARN_DOCUMENTATION_COMMENTS = YES;
				CLANG_WARN_EMPTY_BODY = YES;
				CLANG_WARN_ENUM_CONVERSION = YES;
				CLANG_WARN_INFINITE_RECURSION = YES;
				CLANG_WARN_INT_CONVERSION = YES;
				CLANG_WARN_NON_LITERAL_NULL_CONVERSION = YES;
				CLANG_WARN_OBJC_IMPLICIT_RETAIN_SELF = YES;
				CLANG_WARN_OBJC_LITERAL_CONVERSION = YES;
				CLANG_WARN_OBJC_ROOT_CLASS = YES_ERROR;
				CLANG_WARN_RANGE_LOOP_ANALYSIS = YES;
				CLANG_WARN_STRICT_PROTOTYPES = YES;
				CLANG_WARN_SUSPICIOUS_MOVE = YES;
				CLANG_WARN_UNGUARDED_AVAILABILITY = YES_AGGRESSIVE;
				CLANG_WARN_UNREACHABLE_CODE = YES;
				CLANG_WARN__DUPLICATE_METHOD_MATCH = YES;
				CODE_SIGN_IDENTITY = "iPhone Developer";
				COPY_PHASE_STRIP = NO;
				DEBUG_INFORMATION_FORMAT = "dwarf-with-dsym";
				ENABLE_NS_ASSERTIONS = NO;
				ENABLE_STRICT_OBJC_MSGSEND = YES;
				GCC_C_LANGUAGE_STANDARD = gnu11;
				GCC_NO_COMMON_BLOCKS = YES;
				GCC_WARN_64_TO_32_BIT_CONVERSION = YES;
				GCC_WARN_ABOUT_RETURN_TYPE = YES_ERROR;
				GCC_WARN_UNDECLARED_SELECTOR = YES;
				GCC_WARN_UNINITIALIZED_AUTOS = YES_AGGRESSIVE;
				GCC_WARN_UNUSED_FUNCTION = YES;
				GCC_WARN_UNUSED_VARIABLE = YES;
				IPHONEOS_DEPLOYMENT_TARGET = 11.0;
				MTL_ENABLE_DEBUG_INFO = NO;
				SDKROOT = iphoneos;
				SWIFT_COMPILATION_MODE = wholemodule;
				SWIFT_OPTIMIZATION_LEVEL = "-O";
				VALIDATE_PRODUCT = YES;
			};
			name = Release;
		};
		528AD01E212A35460094374E /* Debug */ = {
			isa = XCBuildConfiguration;
			buildSettings = {
				ASSETCATALOG_COMPILER_APPICON_NAME = AppIcon;
				CLANG_ENABLE_MODULES = YES;
				CODE_SIGN_IDENTITY = "iPhone Developer";
				CODE_SIGN_STYLE = Automatic;
				DEVELOPMENT_TEAM = 46527JQ8T6;
				INFOPLIST_FILE = LiquidSun/Info.plist;
				LD_RUNPATH_SEARCH_PATHS = (
					"$(inherited)",
					"@executable_path/Frameworks",
				);
				PRODUCT_BUNDLE_IDENTIFIER = com.thecarrnation.LiquidSun;
				PRODUCT_NAME = "$(TARGET_NAME)";
				PROVISIONING_PROFILE_SPECIFIER = "";
				SWIFT_OBJC_BRIDGING_HEADER = "LiquidSun/LiquidSun-Bridging-Header.h";
				SWIFT_OPTIMIZATION_LEVEL = "-Onone";
				SWIFT_VERSION = 4.0;
				TARGETED_DEVICE_FAMILY = "1,2";
			};
			name = Debug;
		};
		528AD01F212A35460094374E /* Release */ = {
			isa = XCBuildConfiguration;
			buildSettings = {
				ASSETCATALOG_COMPILER_APPICON_NAME = AppIcon;
				CLANG_ENABLE_MODULES = YES;
				CODE_SIGN_IDENTITY = "iPhone Developer";
				CODE_SIGN_STYLE = Automatic;
				DEVELOPMENT_TEAM = 46527JQ8T6;
				INFOPLIST_FILE = LiquidSun/Info.plist;
				LD_RUNPATH_SEARCH_PATHS = (
					"$(inherited)",
					"@executable_path/Frameworks",
				);
				PRODUCT_BUNDLE_IDENTIFIER = com.thecarrnation.LiquidSun;
				PRODUCT_NAME = "$(TARGET_NAME)";
				PROVISIONING_PROFILE_SPECIFIER = "";
				SWIFT_OBJC_BRIDGING_HEADER = "LiquidSun/LiquidSun-Bridging-Header.h";
				SWIFT_VERSION = 4.0;
				TARGETED_DEVICE_FAMILY = "1,2";
			};
			name = Release;
		};
/* End XCBuildConfiguration section */

/* Begin XCConfigurationList section */
		521B62922176CEC900E71B45 /* Build configuration list for PBXNativeTarget "LiquidSunWatch Extension" */ = {
			isa = XCConfigurationList;
			buildConfigurations = (
				521B62902176CEC900E71B45 /* Debug */,
				521B62912176CEC900E71B45 /* Release */,
			);
			defaultConfigurationIsVisible = 0;
			defaultConfigurationName = Release;
		};
		521B62942176CEC900E71B45 /* Build configuration list for PBXNativeTarget "LiquidSunWatch" */ = {
			isa = XCConfigurationList;
			buildConfigurations = (
				521B628E2176CEC900E71B45 /* Debug */,
				521B628F2176CEC900E71B45 /* Release */,
			);
			defaultConfigurationIsVisible = 0;
			defaultConfigurationName = Release;
		};
		528ACFFB212A35430094374E /* Build configuration list for PBXProject "LiquidSun" */ = {
			isa = XCConfigurationList;
			buildConfigurations = (
				528AD01B212A35460094374E /* Debug */,
				528AD01C212A35460094374E /* Release */,
			);
			defaultConfigurationIsVisible = 0;
			defaultConfigurationName = Release;
		};
		528AD01D212A35460094374E /* Build configuration list for PBXNativeTarget "LiquidSun" */ = {
			isa = XCConfigurationList;
			buildConfigurations = (
				528AD01E212A35460094374E /* Debug */,
				528AD01F212A35460094374E /* Release */,
			);
			defaultConfigurationIsVisible = 0;
			defaultConfigurationName = Release;
		};
/* End XCConfigurationList section */
	};
	rootObject = 528ACFF8212A35430094374E /* Project object */;
}
