// !$*UTF8*$!
{
	archiveVersion = 1;
	classes = {
	};
	objectVersion = 50;
	objects = {

/* Begin PBXBuildFile section */
		5229B9302134A0F000FD4504 /* lsRESTServices.swift in Sources */ = {isa = PBXBuildFile; fileRef = 5229B92F2134A0F000FD4504 /* lsRESTServices.swift */; };
		528AD004212A35430094374E /* AppDelegate.swift in Sources */ = {isa = PBXBuildFile; fileRef = 528AD003212A35430094374E /* AppDelegate.swift */; };
		528AD006212A35430094374E /* Sunshine.swift in Sources */ = {isa = PBXBuildFile; fileRef = 528AD005212A35430094374E /* Sunshine.swift */; };
		528AD009212A35430094374E /* Sunshine.storyboard in Resources */ = {isa = PBXBuildFile; fileRef = 528AD007212A35430094374E /* Sunshine.storyboard */; };
		528AD00B212A35460094374E /* Assets.xcassets in Resources */ = {isa = PBXBuildFile; fileRef = 528AD00A212A35460094374E /* Assets.xcassets */; };
		528AD00E212A35460094374E /* LaunchScreen.storyboard in Resources */ = {isa = PBXBuildFile; fileRef = 528AD00C212A35460094374E /* LaunchScreen.storyboard */; };
		528AD024212A39830094374E /* lsWeatherReport.swift in Sources */ = {isa = PBXBuildFile; fileRef = 528AD023212A39830094374E /* lsWeatherReport.swift */; };
		528AD026212A4EBE0094374E /* lsHelper.swift in Sources */ = {isa = PBXBuildFile; fileRef = 528AD025212A4EBE0094374E /* lsHelper.swift */; };
		528AD028212B6E820094374E /* lsEnums.swift in Sources */ = {isa = PBXBuildFile; fileRef = 528AD027212B6E820094374E /* lsEnums.swift */; };
		528AD02A212B83C30094374E /* lsModel.swift in Sources */ = {isa = PBXBuildFile; fileRef = 528AD029212B83C30094374E /* lsModel.swift */; };
		528AD02C212C9C690094374E /* lsTrendTable.swift in Sources */ = {isa = PBXBuildFile; fileRef = 528AD02B212C9C690094374E /* lsTrendTable.swift */; };
		52A1DB96213F0F2100B7B904 /* lsSearchResultsTable.swift in Sources */ = {isa = PBXBuildFile; fileRef = 52A1DB95213F0F2100B7B904 /* lsSearchResultsTable.swift */; };
		52A1DB98213F0F4100B7B904 /* lsSearchResultsView.swift in Sources */ = {isa = PBXBuildFile; fileRef = 52A1DB97213F0F4100B7B904 /* lsSearchResultsView.swift */; };
		52B192B3213F3B5900B03723 /* lsSearchProtocolDelegate.swift in Sources */ = {isa = PBXBuildFile; fileRef = 52B192B2213F3B5900B03723 /* lsSearchProtocolDelegate.swift */; };
		52B192B5213F662B00B03723 /* lsLocationSelectDelegate.swift in Sources */ = {isa = PBXBuildFile; fileRef = 52B192B4213F662B00B03723 /* lsLocationSelectDelegate.swift */; };
		52F29A87212E1FF1008CBD56 /* artwork.xcassets in Resources */ = {isa = PBXBuildFile; fileRef = 52F29A86212E1FF1008CBD56 /* artwork.xcassets */; };
		52F29A8B212F2C98008CBD56 /* Reachability.m in Sources */ = {isa = PBXBuildFile; fileRef = 52F29A89212F2C98008CBD56 /* Reachability.m */; };
/* End PBXBuildFile section */

/* Begin PBXFileReference section */
		5229B92E2133735C00FD4504 /* LiquidSun.entitlements */ = {isa = PBXFileReference; lastKnownFileType = text.plist.entitlements; path = LiquidSun.entitlements; sourceTree = "<group>"; };
		5229B92F2134A0F000FD4504 /* lsRESTServices.swift */ = {isa = PBXFileReference; lastKnownFileType = sourcecode.swift; path = lsRESTServices.swift; sourceTree = "<group>"; };
		528AD000212A35430094374E /* LiquidSun.app */ = {isa = PBXFileReference; explicitFileType = wrapper.application; includeInIndex = 0; path = LiquidSun.app; sourceTree = BUILT_PRODUCTS_DIR; };
		528AD003212A35430094374E /* AppDelegate.swift */ = {isa = PBXFileReference; lastKnownFileType = sourcecode.swift; path = AppDelegate.swift; sourceTree = "<group>"; };
		528AD005212A35430094374E /* Sunshine.swift */ = {isa = PBXFileReference; lastKnownFileType = sourcecode.swift; path = Sunshine.swift; sourceTree = "<group>"; };
		528AD008212A35430094374E /* Base */ = {isa = PBXFileReference; lastKnownFileType = file.storyboard; name = Base; path = Base.lproj/Sunshine.storyboard; sourceTree = "<group>"; };
		528AD00A212A35460094374E /* Assets.xcassets */ = {isa = PBXFileReference; lastKnownFileType = folder.assetcatalog; path = Assets.xcassets; sourceTree = "<group>"; };
		528AD00D212A35460094374E /* Base */ = {isa = PBXFileReference; lastKnownFileType = file.storyboard; name = Base; path = Base.lproj/LaunchScreen.storyboard; sourceTree = "<group>"; };
		528AD00F212A35460094374E /* Info.plist */ = {isa = PBXFileReference; lastKnownFileType = text.plist.xml; path = Info.plist; sourceTree = "<group>"; };
		528AD023212A39830094374E /* lsWeatherReport.swift */ = {isa = PBXFileReference; lastKnownFileType = sourcecode.swift; path = lsWeatherReport.swift; sourceTree = "<group>"; };
		528AD025212A4EBE0094374E /* lsHelper.swift */ = {isa = PBXFileReference; lastKnownFileType = sourcecode.swift; path = lsHelper.swift; sourceTree = "<group>"; };
		528AD027212B6E820094374E /* lsEnums.swift */ = {isa = PBXFileReference; lastKnownFileType = sourcecode.swift; path = lsEnums.swift; sourceTree = "<group>"; };
		528AD029212B83C30094374E /* lsModel.swift */ = {isa = PBXFileReference; lastKnownFileType = sourcecode.swift; path = lsModel.swift; sourceTree = "<group>"; };
		528AD02B212C9C690094374E /* lsTrendTable.swift */ = {isa = PBXFileReference; lastKnownFileType = sourcecode.swift; path = lsTrendTable.swift; sourceTree = "<group>"; };
		52A1DB95213F0F2100B7B904 /* lsSearchResultsTable.swift */ = {isa = PBXFileReference; lastKnownFileType = sourcecode.swift; path = lsSearchResultsTable.swift; sourceTree = "<group>"; };
		52A1DB97213F0F4100B7B904 /* lsSearchResultsView.swift */ = {isa = PBXFileReference; lastKnownFileType = sourcecode.swift; path = lsSearchResultsView.swift; sourceTree = "<group>"; };
		52B192B2213F3B5900B03723 /* lsSearchProtocolDelegate.swift */ = {isa = PBXFileReference; lastKnownFileType = sourcecode.swift; path = lsSearchProtocolDelegate.swift; sourceTree = "<group>"; };
		52B192B4213F662B00B03723 /* lsLocationSelectDelegate.swift */ = {isa = PBXFileReference; lastKnownFileType = sourcecode.swift; path = lsLocationSelectDelegate.swift; sourceTree = "<group>"; };
		52F29A86212E1FF1008CBD56 /* artwork.xcassets */ = {isa = PBXFileReference; lastKnownFileType = folder.assetcatalog; path = artwork.xcassets; sourceTree = "<group>"; };
		52F29A88212F2C97008CBD56 /* LiquidSun-Bridging-Header.h */ = {isa = PBXFileReference; lastKnownFileType = sourcecode.c.h; path = "LiquidSun-Bridging-Header.h"; sourceTree = "<group>"; };
		52F29A89212F2C98008CBD56 /* Reachability.m */ = {isa = PBXFileReference; fileEncoding = 4; lastKnownFileType = sourcecode.c.objc; path = Reachability.m; sourceTree = "<group>"; };
		52F29A8A212F2C98008CBD56 /* Reachability.h */ = {isa = PBXFileReference; fileEncoding = 4; lastKnownFileType = sourcecode.c.h; path = Reachability.h; sourceTree = "<group>"; };
/* End PBXFileReference section */

/* Begin PBXFrameworksBuildPhase section */
		528ACFFD212A35430094374E /* Frameworks */ = {
			isa = PBXFrameworksBuildPhase;
			buildActionMask = 2147483647;
			files = (
			);
			runOnlyForDeploymentPostprocessing = 0;
		};
/* End PBXFrameworksBuildPhase section */

/* Begin PBXGroup section */
		528ACFF7212A35430094374E = {
			isa = PBXGroup;
			children = (
				528AD002212A35430094374E /* LiquidSun */,
				528AD001212A35430094374E /* Products */,
			);
			sourceTree = "<group>";
		};
		528AD001212A35430094374E /* Products */ = {
			isa = PBXGroup;
			children = (
				528AD000212A35430094374E /* LiquidSun.app */,
			);
			name = Products;
			sourceTree = "<group>";
		};
		528AD002212A35430094374E /* LiquidSun */ = {
			isa = PBXGroup;
			children = (
				52B192B1213F3B4200B03723 /* Delegates */,
				52A1DB94213F046A00B7B904 /* Views */,
				52A1DB93213F045A00B7B904 /* Controllers */,
				52A1DB92213F044B00B7B904 /* Models */,
				528AD025212A4EBE0094374E /* lsHelper.swift */,
				5229B92F2134A0F000FD4504 /* lsRESTServices.swift */,
				528AD00A212A35460094374E /* Assets.xcassets */,
				52F29A86212E1FF1008CBD56 /* artwork.xcassets */,
				52F29A8A212F2C98008CBD56 /* Reachability.h */,
				52F29A89212F2C98008CBD56 /* Reachability.m */,
				52F29A88212F2C97008CBD56 /* LiquidSun-Bridging-Header.h */,
				5229B92E2133735C00FD4504 /* LiquidSun.entitlements */,
				528AD00F212A35460094374E /* Info.plist */,
			);
			path = LiquidSun;
			sourceTree = "<group>";
		};
		52A1DB92213F044B00B7B904 /* Models */ = {
			isa = PBXGroup;
			children = (
				528AD029212B83C30094374E /* lsModel.swift */,
				528AD023212A39830094374E /* lsWeatherReport.swift */,
				528AD027212B6E820094374E /* lsEnums.swift */,
			);
			path = Models;
			sourceTree = "<group>";
		};
		52A1DB93213F045A00B7B904 /* Controllers */ = {
			isa = PBXGroup;
			children = (
				528AD005212A35430094374E /* Sunshine.swift */,
				528AD02B212C9C690094374E /* lsTrendTable.swift */,
				52A1DB97213F0F4100B7B904 /* lsSearchResultsView.swift */,
				52A1DB95213F0F2100B7B904 /* lsSearchResultsTable.swift */,
			);
			path = Controllers;
			sourceTree = "<group>";
		};
		52A1DB94213F046A00B7B904 /* Views */ = {
			isa = PBXGroup;
			children = (
				528AD007212A35430094374E /* Sunshine.storyboard */,
				528AD00C212A35460094374E /* LaunchScreen.storyboard */,
			);
			path = Views;
			sourceTree = "<group>";
		};
		52B192B1213F3B4200B03723 /* Delegates */ = {
			isa = PBXGroup;
			children = (
				528AD003212A35430094374E /* AppDelegate.swift */,
				52B192B2213F3B5900B03723 /* lsSearchProtocolDelegate.swift */,
				52B192B4213F662B00B03723 /* lsLocationSelectDelegate.swift */,
			);
			path = Delegates;
			sourceTree = "<group>";
		};
/* End PBXGroup section */

/* Begin PBXNativeTarget section */
		528ACFFF212A35430094374E /* LiquidSun */ = {
			isa = PBXNativeTarget;
			buildConfigurationList = 528AD01D212A35460094374E /* Build configuration list for PBXNativeTarget "LiquidSun" */;
			buildPhases = (
				528ACFFC212A35430094374E /* Sources */,
				528ACFFD212A35430094374E /* Frameworks */,
				528ACFFE212A35430094374E /* Resources */,
			);
			buildRules = (
			);
			dependencies = (
			);
			name = LiquidSun;
			productName = LiquidSun;
			productReference = 528AD000212A35430094374E /* LiquidSun.app */;
			productType = "com.apple.product-type.application";
		};
/* End PBXNativeTarget section */

/* Begin PBXProject section */
		528ACFF8212A35430094374E /* Project object */ = {
			isa = PBXProject;
			attributes = {
				LastSwiftUpdateCheck = 0940;
				LastUpgradeCheck = 0940;
				ORGANIZATIONNAME = TheCarrNation;
				TargetAttributes = {
					528ACFFF212A35430094374E = {
						CreatedOnToolsVersion = 9.4.1;
						LastSwiftMigration = 0940;
						SystemCapabilities = {
							com.apple.ApplePay = {
								enabled = 0;
							};
							com.apple.BackgroundModes = {
								enabled = 0;
							};
						};
					};
				};
			};
			buildConfigurationList = 528ACFFB212A35430094374E /* Build configuration list for PBXProject "LiquidSun" */;
			compatibilityVersion = "Xcode 9.3";
			developmentRegion = en;
			hasScannedForEncodings = 0;
			knownRegions = (
				en,
				Base,
			);
			mainGroup = 528ACFF7212A35430094374E;
			productRefGroup = 528AD001212A35430094374E /* Products */;
			projectDirPath = "";
			projectRoot = "";
			targets = (
				528ACFFF212A35430094374E /* LiquidSun */,
			);
		};
/* End PBXProject section */

/* Begin PBXResourcesBuildPhase section */
		528ACFFE212A35430094374E /* Resources */ = {
			isa = PBXResourcesBuildPhase;
			buildActionMask = 2147483647;
			files = (
				528AD00E212A35460094374E /* LaunchScreen.storyboard in Resources */,
				528AD00B212A35460094374E /* Assets.xcassets in Resources */,
				52F29A87212E1FF1008CBD56 /* artwork.xcassets in Resources */,
				528AD009212A35430094374E /* Sunshine.storyboard in Resources */,
			);
			runOnlyForDeploymentPostprocessing = 0;
		};
/* End PBXResourcesBuildPhase section */

/* Begin PBXSourcesBuildPhase section */
		528ACFFC212A35430094374E /* Sources */ = {
			isa = PBXSourcesBuildPhase;
			buildActionMask = 2147483647;
			files = (
				528AD028212B6E820094374E /* lsEnums.swift in Sources */,
				528AD026212A4EBE0094374E /* lsHelper.swift in Sources */,
				52A1DB98213F0F4100B7B904 /* lsSearchResultsView.swift in Sources */,
				52F29A8B212F2C98008CBD56 /* Reachability.m in Sources */,
				52B192B5213F662B00B03723 /* lsLocationSelectDelegate.swift in Sources */,
				52B192B3213F3B5900B03723 /* lsSearchProtocolDelegate.swift in Sources */,
				528AD02A212B83C30094374E /* lsModel.swift in Sources */,
				528AD006212A35430094374E /* Sunshine.swift in Sources */,
				528AD024212A39830094374E /* lsWeatherReport.swift in Sources */,
				52A1DB96213F0F2100B7B904 /* lsSearchResultsTable.swift in Sources */,
				528AD004212A35430094374E /* AppDelegate.swift in Sources */,
				528AD02C212C9C690094374E /* lsTrendTable.swift in Sources */,
				5229B9302134A0F000FD4504 /* lsRESTServices.swift in Sources */,
			);
			runOnlyForDeploymentPostprocessing = 0;
		};
/* End PBXSourcesBuildPhase section */

/* Begin PBXVariantGroup section */
		528AD007212A35430094374E /* Sunshine.storyboard */ = {
			isa = PBXVariantGroup;
			children = (
				528AD008212A35430094374E /* Base */,
			);
			name = Sunshine.storyboard;
			sourceTree = "<group>";
		};
		528AD00C212A35460094374E /* LaunchScreen.storyboard */ = {
			isa = PBXVariantGroup;
			children = (
				528AD00D212A35460094374E /* Base */,
			);
			name = LaunchScreen.storyboard;
			sourceTree = "<group>";
		};
/* End PBXVariantGroup section */

/* Begin XCBuildConfiguration section */
		528AD01B212A35460094374E /* Debug */ = {
			isa = XCBuildConfiguration;
			buildSettings = {
				ALWAYS_SEARCH_USER_PATHS = NO;
				CLANG_ANALYZER_NONNULL = YES;
				CLANG_ANALYZER_NUMBER_OBJECT_CONVERSION = YES_AGGRESSIVE;
				CLANG_CXX_LANGUAGE_STANDARD = "gnu++14";
				CLANG_CXX_LIBRARY = "libc++";
				CLANG_ENABLE_MODULES = YES;
				CLANG_ENABLE_OBJC_ARC = YES;
				CLANG_ENABLE_OBJC_WEAK = YES;
				CLANG_WARN_BLOCK_CAPTURE_AUTORELEASING = YES;
				CLANG_WARN_BOOL_CONVERSION = YES;
				CLANG_WARN_COMMA = YES;
				CLANG_WARN_CONSTANT_CONVERSION = YES;
				CLANG_WARN_DEPRECATED_OBJC_IMPLEMENTATIONS = YES;
				CLANG_WARN_DIRECT_OBJC_ISA_USAGE = YES_ERROR;
				CLANG_WARN_DOCUMENTATION_COMMENTS = YES;
				CLANG_WARN_EMPTY_BODY = YES;
				CLANG_WARN_ENUM_CONVERSION = YES;
				CLANG_WARN_INFINITE_RECURSION = YES;
				CLANG_WARN_INT_CONVERSION = YES;
				CLANG_WARN_NON_LITERAL_NULL_CONVERSION = YES;
				CLANG_WARN_OBJC_IMPLICIT_RETAIN_SELF = YES;
				CLANG_WARN_OBJC_LITERAL_CONVERSION = YES;
				CLANG_WARN_OBJC_ROOT_CLASS = YES_ERROR;
				CLANG_WARN_RANGE_LOOP_ANALYSIS = YES;
				CLANG_WARN_STRICT_PROTOTYPES = YES;
				CLANG_WARN_SUSPICIOUS_MOVE = YES;
				CLANG_WARN_UNGUARDED_AVAILABILITY = YES_AGGRESSIVE;
				CLANG_WARN_UNREACHABLE_CODE = YES;
				CLANG_WARN__DUPLICATE_METHOD_MATCH = YES;
				CODE_SIGN_IDENTITY = "iPhone Developer";
				COPY_PHASE_STRIP = NO;
				DEBUG_INFORMATION_FORMAT = dwarf;
				ENABLE_STRICT_OBJC_MSGSEND = YES;
				ENABLE_TESTABILITY = YES;
				GCC_C_LANGUAGE_STANDARD = gnu11;
				GCC_DYNAMIC_NO_PIC = NO;
				GCC_NO_COMMON_BLOCKS = YES;
				GCC_OPTIMIZATION_LEVEL = 0;
				GCC_PREPROCESSOR_DEFINITIONS = (
					"DEBUG=1",
					"$(inherited)",
				);
				GCC_WARN_64_TO_32_BIT_CONVERSION = YES;
				GCC_WARN_ABOUT_RETURN_TYPE = YES_ERROR;
				GCC_WARN_UNDECLARED_SELECTOR = YES;
				GCC_WARN_UNINITIALIZED_AUTOS = YES_AGGRESSIVE;
				GCC_WARN_UNUSED_FUNCTION = YES;
				GCC_WARN_UNUSED_VARIABLE = YES;
				IPHONEOS_DEPLOYMENT_TARGET = 11.0;
				MTL_ENABLE_DEBUG_INFO = YES;
				ONLY_ACTIVE_ARCH = YES;
				SDKROOT = iphoneos;
				SWIFT_ACTIVE_COMPILATION_CONDITIONS = DEBUG;
				SWIFT_OPTIMIZATION_LEVEL = "-Onone";
			};
			name = Debug;
		};
		528AD01C212A35460094374E /* Release */ = {
			isa = XCBuildConfiguration;
			buildSettings = {
				ALWAYS_SEARCH_USER_PATHS = NO;
				CLANG_ANALYZER_NONNULL = YES;
				CLANG_ANALYZER_NUMBER_OBJECT_CONVERSION = YES_AGGRESSIVE;
				CLANG_CXX_LANGUAGE_STANDARD = "gnu++14";
				CLANG_CXX_LIBRARY = "libc++";
				CLANG_ENABLE_MODULES = YES;
				CLANG_ENABLE_OBJC_ARC = YES;
				CLANG_ENABLE_OBJC_WEAK = YES;
				CLANG_WARN_BLOCK_CAPTURE_AUTORELEASING = YES;
				CLANG_WARN_BOOL_CONVERSION = YES;
				CLANG_WARN_COMMA = YES;
				CLANG_WARN_CONSTANT_CONVERSION = YES;
				CLANG_WARN_DEPRECATED_OBJC_IMPLEMENTATIONS = YES;
				CLANG_WARN_DIRECT_OBJC_ISA_USAGE = YES_ERROR;
				CLANG_WARN_DOCUMENTATION_COMMENTS = YES;
				CLANG_WARN_EMPTY_BODY = YES;
				CLANG_WARN_ENUM_CONVERSION = YES;
				CLANG_WARN_INFINITE_RECURSION = YES;
				CLANG_WARN_INT_CONVERSION = YES;
				CLANG_WARN_NON_LITERAL_NULL_CONVERSION = YES;
				CLANG_WARN_OBJC_IMPLICIT_RETAIN_SELF = YES;
				CLANG_WARN_OBJC_LITERAL_CONVERSION = YES;
				CLANG_WARN_OBJC_ROOT_CLASS = YES_ERROR;
				CLANG_WARN_RANGE_LOOP_ANALYSIS = YES;
				CLANG_WARN_STRICT_PROTOTYPES = YES;
				CLANG_WARN_SUSPICIOUS_MOVE = YES;
				CLANG_WARN_UNGUARDED_AVAILABILITY = YES_AGGRESSIVE;
				CLANG_WARN_UNREACHABLE_CODE = YES;
				CLANG_WARN__DUPLICATE_METHOD_MATCH = YES;
				CODE_SIGN_IDENTITY = "iPhone Developer";
				COPY_PHASE_STRIP = NO;
				DEBUG_INFORMATION_FORMAT = "dwarf-with-dsym";
				ENABLE_NS_ASSERTIONS = NO;
				ENABLE_STRICT_OBJC_MSGSEND = YES;
				GCC_C_LANGUAGE_STANDARD = gnu11;
				GCC_NO_COMMON_BLOCKS = YES;
				GCC_WARN_64_TO_32_BIT_CONVERSION = YES;
				GCC_WARN_ABOUT_RETURN_TYPE = YES_ERROR;
				GCC_WARN_UNDECLARED_SELECTOR = YES;
				GCC_WARN_UNINITIALIZED_AUTOS = YES_AGGRESSIVE;
				GCC_WARN_UNUSED_FUNCTION = YES;
				GCC_WARN_UNUSED_VARIABLE = YES;
				IPHONEOS_DEPLOYMENT_TARGET = 11.0;
				MTL_ENABLE_DEBUG_INFO = NO;
				SDKROOT = iphoneos;
				SWIFT_COMPILATION_MODE = wholemodule;
				SWIFT_OPTIMIZATION_LEVEL = "-O";
				VALIDATE_PRODUCT = YES;
			};
			name = Release;
		};
		528AD01E212A35460094374E /* Debug */ = {
			isa = XCBuildConfiguration;
			buildSettings = {
				ASSETCATALOG_COMPILER_APPICON_NAME = AppIcon;
				CLANG_ENABLE_MODULES = YES;
				CODE_SIGN_IDENTITY = "iPhone Developer";
				CODE_SIGN_STYLE = Automatic;
				DEVELOPMENT_TEAM = 46527JQ8T6;
				INFOPLIST_FILE = LiquidSun/Info.plist;
				LD_RUNPATH_SEARCH_PATHS = (
					"$(inherited)",
					"@executable_path/Frameworks",
				);
				PRODUCT_BUNDLE_IDENTIFIER = com.thecarrnation.LiquidSun;
				PRODUCT_NAME = "$(TARGET_NAME)";
				PROVISIONING_PROFILE_SPECIFIER = "";
				SWIFT_OBJC_BRIDGING_HEADER = "LiquidSun/LiquidSun-Bridging-Header.h";
				SWIFT_OPTIMIZATION_LEVEL = "-Onone";
				SWIFT_VERSION = 4.0;
				TARGETED_DEVICE_FAMILY = "1,2";
			};
			name = Debug;
		};
		528AD01F212A35460094374E /* Release */ = {
			isa = XCBuildConfiguration;
			buildSettings = {
				ASSETCATALOG_COMPILER_APPICON_NAME = AppIcon;
				CLANG_ENABLE_MODULES = YES;
				CODE_SIGN_IDENTITY = "iPhone Developer";
				CODE_SIGN_STYLE = Automatic;
				DEVELOPMENT_TEAM = 46527JQ8T6;
				INFOPLIST_FILE = LiquidSun/Info.plist;
				LD_RUNPATH_SEARCH_PATHS = (
					"$(inherited)",
					"@executable_path/Frameworks",
				);
				PRODUCT_BUNDLE_IDENTIFIER = com.thecarrnation.LiquidSun;
				PRODUCT_NAME = "$(TARGET_NAME)";
				PROVISIONING_PROFILE_SPECIFIER = "";
				SWIFT_OBJC_BRIDGING_HEADER = "LiquidSun/LiquidSun-Bridging-Header.h";
				SWIFT_VERSION = 4.0;
				TARGETED_DEVICE_FAMILY = "1,2";
			};
			name = Release;
		};
/* End XCBuildConfiguration section */

/* Begin XCConfigurationList section */
		528ACFFB212A35430094374E /* Build configuration list for PBXProject "LiquidSun" */ = {
			isa = XCConfigurationList;
			buildConfigurations = (
				528AD01B212A35460094374E /* Debug */,
				528AD01C212A35460094374E /* Release */,
			);
			defaultConfigurationIsVisible = 0;
			defaultConfigurationName = Release;
		};
		528AD01D212A35460094374E /* Build configuration list for PBXNativeTarget "LiquidSun" */ = {
			isa = XCConfigurationList;
			buildConfigurations = (
				528AD01E212A35460094374E /* Debug */,
				528AD01F212A35460094374E /* Release */,
			);
			defaultConfigurationIsVisible = 0;
			defaultConfigurationName = Release;
		};
/* End XCConfigurationList section */
	};
	rootObject = 528ACFF8212A35430094374E /* Project object */;
}
